
Microsoft Visual Studio Solution File, Format Version 12.00
# Visual Studio Version 16
VisualStudioVersion = 16.0.29613.14
MinimumVisualStudioVersion = 10.0.40219.1
Project("{9A19103F-16F7-4668-BE54-9A1E7A4F7556}") = "AdebayoPodiumMortgagePj.Data", "AdebayoPodiumMortgagePj.Data\AdebayoPodiumMortgagePj.Data.csproj", "{8926C4B4-24D0-4DEB-B961-0AAF781B14D5}"
EndProject
Project("{9A19103F-16F7-4668-BE54-9A1E7A4F7556}") = "AdebayoPodiumMortgagePj.Service", "AdebayoPodiumMortgagePj.Service\AdebayoPodiumMortgagePj.Service.csproj", "{FE143291-1EDA-4485-9FB9-73C924187B14}"
EndProject
Project("{FAE04EC0-301F-11D3-BF4B-00C04F79EFBC}") = "AdebayoPodiumMortgagePj.Web", "AdebayoPodiumMortgagePj.Web\AdebayoPodiumMortgagePj.Web.csproj", "{D671D38C-50AB-41D5-B3B4-9EAE3E7AE56E}"
EndProject
Global
	GlobalSection(SolutionConfigurationPlatforms) = preSolution
		Debug|Any CPU = Debug|Any CPU
		Release|Any CPU = Release|Any CPU
	EndGlobalSection
	GlobalSection(ProjectConfigurationPlatforms) = postSolution
		{8926C4B4-24D0-4DEB-B961-0AAF781B14D5}.Debug|Any CPU.ActiveCfg = Debug|Any CPU
		{8926C4B4-24D0-4DEB-B961-0AAF781B14D5}.Debug|Any CPU.Build.0 = Debug|Any CPU
		{8926C4B4-24D0-4DEB-B961-0AAF781B14D5}.Release|Any CPU.ActiveCfg = Release|Any CPU
		{8926C4B4-24D0-4DEB-B961-0AAF781B14D5}.Release|Any CPU.Build.0 = Release|Any CPU
		{FE143291-1EDA-4485-9FB9-73C924187B14}.Debug|Any CPU.ActiveCfg = Debug|Any CPU
		{FE143291-1EDA-4485-9FB9-73C924187B14}.Debug|Any CPU.Build.0 = Debug|Any CPU
		{FE143291-1EDA-4485-9FB9-73C924187B14}.Release|Any CPU.ActiveCfg = Release|Any CPU
		{FE143291-1EDA-4485-9FB9-73C924187B14}.Release|Any CPU.Build.0 = Release|Any CPU
		{D671D38C-50AB-41D5-B3B4-9EAE3E7AE56E}.Debug|Any CPU.ActiveCfg = Debug|Any CPU
		{D671D38C-50AB-41D5-B3B4-9EAE3E7AE56E}.Debug|Any CPU.Build.0 = Debug|Any CPU
		{D671D38C-50AB-41D5-B3B4-9EAE3E7AE56E}.Release|Any CPU.ActiveCfg = Release|Any CPU
		{D671D38C-50AB-41D5-B3B4-9EAE3E7AE56E}.Release|Any CPU.Build.0 = Release|Any CPU
	EndGlobalSection
	GlobalSection(SolutionProperties) = preSolution
		HideSolutionNode = FALSE
	EndGlobalSection
	GlobalSection(ExtensibilityGlobals) = postSolution
		SolutionGuid = {9813645C-1EEB-41BF-9833-EED087AA0CB2}
	EndGlobalSection
EndGlobal
